filippo.io/edwards25519 v1.1.0 h1:FNf4tywRC1HmFuKW5xopWpigGjJKiJSV0Cqo0cJWDaA=
filippo.io/edwards25519 v1.1.0/go.mod h1:BxyFTGdWcka3PhytdK4V28tE5sGfRvvvRV7EaN4VDT4=
github.com/agext/levenshtein v1.2.3 h1:YB2fHEn0UJagG8T1rrWknE3ZQzWM06O8AMAatNn7lmo=
github.com/agext/levenshtein v1.2.3/go.mod h1:JEDfjyjHDjOF/1e4FlBE/PkbqA9OfWu2ki2W0IB5558=
github.com/apparentlymart/go-textseg/v15 v15.0.0 h1:uYvfpb3DyLSCGWnctWKGj857c6ew1u1fNQOlOtuGxQY=
github.com/apparentlymart/go-textseg/v15 v15.0.0/go.mod h1:K8XmNZdhEBkdlyDdvbmmsvpAG721bKi0joRfFdHIWJ4=
github.com/aws/aws-sdk-go v1.55.5 h1:KKUZBfBoyqy5d3swXyiC7Q76ic40rYcbqH7qjh59kzU=
github.com/aws/aws-sdk-go v1.55.5/go.mod h1:eRwEWoyTWFMVYVQzKMNHWP5/RV4xIUGMQfXQHfHkpNU=
github.com/aws/aws-sdk-go-v2 v1.32.7 h1:ky5o35oENWi0JYWUZkB7WYvVPP+bcRF5/Iq7JWSb5Rw=
github.com/aws/aws-sdk-go-v2 v1.32.7/go.mod h1:P5WJBrYqqbWVaOxgH0X/FYYD47/nooaPOZPlQdmiN2U=
github.com/aws/aws-sdk-go-v2/aws/protocol/eventstream v1.6.7 h1:lL7IfaFzngfx0ZwUGOZdsFFnQ5uLvR0hWqqhyE7Q9M8=
github.com/aws/aws-sdk-go-v2/aws/protocol/eventstream v1.6.7/go.mod h1:QraP0UcVlQJsmHfioCrveWOC1nbiWUl3ej08h4mXWoc=
github.com/aws/aws-sdk-go-v2/config v1.28.7 h1:GduUnoTXlhkgnxTD93g1nv4tVPILbdNQOzav+Wpg7AE=
github.com/aws/aws-sdk-go-v2/config v1.28.7/go.mod h1:vZGX6GVkIE8uECSUHB6MWAUsd4ZcG2Yq/dMa4refR3M=
github.com/aws/aws-sdk-go-v2/credentials v1.17.48 h1:IYdLD1qTJ0zanRavulofmqut4afs45mOWEI+MzZtTfQ=
github.com/aws/aws-sdk-go-v2/credentials v1.17.48/go.mod h1:tOscxHN3CGmuX9idQ3+qbkzrjVIx32lqDSU1/0d/qXs=
github.com/aws/aws-sdk-go-v2/feature/ec2/imds v1.16.22 h1:kqOrpojG71DxJm/KDPO+Z/y1phm1JlC8/iT+5XRmAn8=
github.com/aws/aws-sdk-go-v2/feature/ec2/imds v1.16.22/go.mod h1:NtSFajXVVL8TA2QNngagVZmUtXciyrHOt7xgz4faS/M=
github.com/aws/aws-sdk-go-v2/feature/s3/manager v1.17.45 h1:ZxB8WFVYwolhDZxuZXoesHkl+L9cXLWy0K/G0QkNATc=
github.com/aws/aws-sdk-go-v2/feature/s3/manager v1.17.45/go.mod h1:1krrbyoFFDqaNldmltPTP+mK3sAXLHPoaFtISOw2Hkk=
github.com/aws/aws-sdk-go-v2/internal/configsources v1.3.26 h1:I/5wmGMffY4happ8NOCuIUEWGUvvFp5NSeQcXl9RHcI=
github.com/aws/aws-sdk-go-v2/internal/configsources v1.3.26/go.mod h1:FR8f4turZtNy6baO0KJ5FJUmXH/cSkI9fOngs0yl6mA=
github.com/aws/aws-sdk-go-v2/internal/endpoints/v2 v2.6.26 h1:zXFLuEuMMUOvEARXFUVJdfqZ4bvvSgdGRq/ATcrQxzM=
github.com/aws/aws-sdk-go-v2/internal/endpoints/v2 v2.6.26/go.mod h1:3o2Wpy0bogG1kyOPrgkXA8pgIfEEv0+m19O9D5+W8y8=
github.com/aws/aws-sdk-go-v2/internal/ini v1.8.1 h1:VaRN3TlFdd6KxX1x3ILT5ynH6HvKgqdiXoTxAF4HQcQ=
github.com/aws/aws-sdk-go-v2/internal/ini v1.8.1/go.mod h1:FbtygfRFze9usAadmnGJNc8KsP346kEe+y2/oyhGAGc=
github.com/aws/aws-sdk-go-v2/internal/v4a v1.3.26 h1:GeNJsIFHB+WW5ap2Tec4K6dzcVTsRbsT1Lra46Hv9ME=
github.com/aws/aws-sdk-go-v2/internal/v4a v1.3.26/go.mod h1:zfgMpwHDXX2WGoG84xG2H+ZlPTkJUU4YUvx2svLQYWo=
github.com/aws/aws-sdk-go-v2/service/acm v1.30.8 h1:qFihKfh9XSCATtjNDuF3a0BQAQTRNXQsR2bH+jRLuqs=
github.com/aws/aws-sdk-go-v2/service/acm v1.30.8/go.mod h1:oncclZWZWxKSIuG8bBS4Ry/VobgJyplv1KDfCEpww40=
github.com/aws/aws-sdk-go-v2/service/autoscaling v1.51.2 h1:MSSstL6YXAw2K68L1kph02WTQHKeb/lwmbsMhswpjuY=
github.com/aws/aws-sdk-go-v2/service/autoscaling v1.51.2/go.mod h1:t5bdAowh8MWq51TuDmltU+wtxMl/VaegNwSBaznkUYc=
github.com/aws/aws-sdk-go-v2/service/cloudwatchlogs v1.45.1 h1:f6jhr4U8osQQrJrzKsWcbTZwK4xA0wUF52sN0zvLKUY=
github.com/aws/aws-sdk-go-v2/service/cloudwatchlogs v1.45.1/go.mod h1:u8Bi6DG9tLOVIS9MNqtE3vh9T6I/U/8RBpYvy/VyMjc=
github.com/aws/aws-sdk-go-v2/service/dynamodb v1.38.1 h1:AnSNs7Ogi0LXHPMDBx4RE7imU4/JmzWFziqkMKJA2AY=
github.com/aws/aws-sdk-go-v2/service/dynamodb v1.38.1/go.mod h1:J8xqRbx7HIc8ids2P8JbrKx9irONPEYq7Z1FpLDpi3I=
github.com/aws/aws-sdk-go-v2/service/ec2 v1.198.1 h1:YbNopxjd9baM83YEEmkaYHi+NuJt0AszeaSLqo0CVr0=
github.com/aws/aws-sdk-go-v2/service/ec2 v1.198.1/go.mod h1:mwr3iRm8u1+kkEx4ftDM2Q6Yr0XQFBKrP036ng+k5Lk=
github.com/aws/aws-sdk-go-v2/service/ecr v1.38.1 h1:pCI3RIJnZEUs0evNm+pdDzvAp+YwpabUyQTPPvxO8oY=
github.com/aws/aws-sdk-go-v2/service/ecr v1.38.1/go.mod h1:NqKnlZvLl4Tp2UH/GEc/nhbjmPQhwOXmLp2eldiszLM=
github.com/aws/aws-sdk-go-v2/service/ecs v1.53.2 h1:o/FdG76sTAoC8h20j6bSBE6MPJYOZhNIh0nJ8Q8druY=
github.com/aws/aws-sdk-go-v2/service/ecs v1.53.2/go.mod h1:YpTRClSDOPvN2e3kiIrYOx1sI+YKTZVmlMiNO2AwYhE=
github.com/aws/aws-sdk-go-v2/service/iam v1.38.3 h1:2sFIoFzU1IEL9epJWubJm9Dhrn45aTNEJuwsesaCGnk=
github.com/aws/aws-sdk-go-v2/service/iam v1.38.3/go.mod h1:KzlNINwfr/47tKkEhgk0r10/OZq3rjtyWy0txL3lM+I=
github.com/aws/aws-sdk-go-v2/service/internal/accept-encoding v1.12.1 h1:iXtILhvDxB6kPvEXgsDhGaZCSC6LQET5ZHSdJozeI0Y=
github.com/aws/aws-sdk-go-v2/service/internal/accept-encoding v1.12.1/go.mod h1:9nu0fVANtYiAePIBh2/pFUSwtJ402hLnp854CNoDOeE=
github.com/aws/aws-sdk-go-v2/service/internal/checksum v1.4.7 h1:tB4tNw83KcajNAzaIMhkhVI2Nt8fAZd5A5ro113FEMY=
github.com/aws/aws-sdk-go-v2/service/internal/checksum v1.4.7/go.mod h1:lvpyBGkZ3tZ9iSsUIcC2EWp+0ywa7aK3BLT+FwZi+mQ=
github.com/aws/aws-sdk-go-v2/service/internal/endpoint-discovery v1.10.7 h1:EqGlayejoCRXmnVC6lXl6phCm9R2+k35e0gWsO9G5DI=
github.com/aws/aws-sdk-go-v2/service/internal/endpoint-discovery v1.10.7/go.mod h1:BTw+t+/E5F3ZnDai/wSOYM54WUVjSdewE7Jvwtb7o+w=
github.com/aws/aws-sdk-go-v2/service/internal/presigned-url v1.12.7 h1:8eUsivBQzZHqe/3FE+cqwfH+0p5Jo8PFM/QYQSmeZ+M=
github.com/aws/aws-sdk-go-v2/service/internal/presigned-url v1.12.7/go.mod h1:kLPQvGUmxn/fqiCrDeohwG33bq2pQpGeY62yRO6Nrh0=
github.com/aws/aws-sdk-go-v2/service/internal/s3shared v1.18.7 h1:Hi0KGbrnr57bEHWM0bJ1QcBzxLrL/k2DHvGYhb8+W1w=
github.com/aws/aws-sdk-go-v2/service/internal/s3shared v1.18.7/go.mod h1:wKNgWgExdjjrm4qvfbTorkvocEstaoDl4WCvGfeCy9c=
github.com/aws/aws-sdk-go-v2/service/kms v1.37.8 h1:KbLZjYqhQ9hyB4HwXiheiflTlYQa0+Fz0Ms/rh5f3mk=
github.com/aws/aws-sdk-go-v2/service/kms v1.37.8/go.mod h1:ANs9kBhK4Ghj9z1W+bsr3WsNaPF71qkgd6eE6Ekol/Y=
github.com/aws/aws-sdk-go-v2/service/lambda v1.69.2 h1:z+Bc5arm0ZJQgiphpwpWF97/wCwBERRQ1CEA+Nckmkw=
github.com/aws/aws-sdk-go-v2/service/lambda v1.69.2/go.mod h1:jWFEZMgQ48dPvuAWy2zcRIq8Mx/L0eO0iR1xkGR4Ov8=
github.com/aws/aws-sdk-go-v2/service/rds v1.93.2 h1:Fv2//DyCH9n6LqEOvpeIFYYRfIhvjhrLk5qhrYMjDGE=
github.com/aws/aws-sdk-go-v2/service/rds v1.93.2/go.mod h1:QEpwiX4BS6nos2d/ele6gRGalNW0Hzc1TZMmhkywQb0=
github.com/aws/aws-sdk-go-v2/service/route53 v1.46.4 h1:0jMtawybbfpFEIMy4wvfyW2Z4YLr7mnuzT0fhR67Nrc=
github.com/aws/aws-sdk-go-v2/service/route53 v1.46.4/go.mod h1:xlMODgumb0Pp8bzfpojqelDrf8SL9rb5ovwmwKJl+oU=
github.com/aws/aws-sdk-go-v2/service/s3 v1.72.0 h1:SAfh4pNx5LuTafKKWR02Y+hL3A+3TX8cTKG1OIAJaBk=
github.com/aws/aws-sdk-go-v2/service/s3 v1.72.0/go.mod h1:r+xl5yzMk9083rMR+sJ5TYj9Tihvf/l1oxzZXDgGj2Q=
github.com/aws/aws-sdk-go-v2/service/secretsmanager v1.34.8 h1:WT3EPriVEpHE2jeNqHqj7l43JCIWPoZjNNRluZ7agII=
github.com/aws/aws-sdk-go-v2/service/secretsmanager v1.34.8/go.mod h1:By/yiMzR0yfhPaqRWE3GrT9B/Z6871z1GfWGc+vf4Y8=
github.com/aws/aws-sdk-go-v2/service/sns v1.33.8 h1:zKokiUMOfbZSrAUVqw+bSjr6gl9u/JcvPzHTmL+tmdQ=
github.com/aws/aws-sdk-go-v2/service/sns v1.33.8/go.mod h1:Nf9YEyqE51C+Dyj0DWSATxvsr39jBFIss6Jee9Hyqx4=
github.com/aws/aws-sdk-go-v2/service/sqs v1.37.4 h1:WpoMCoS4+qOkkuWQommvDRboKYzK91En6eXO/k5dXr0=
github.com/aws/aws-sdk-go-v2/service/sqs v1.37.4/go.mod h1:171mrsbgz6DahPMnLJzQiH3bXXrdsWhpE9USZiM19Lk=
github.com/aws/aws-sdk-go-v2/service/ssm v1.56.2 h1:MOxvXH2kRP5exvqJxAZ0/H9Ar51VmADJh95SgZE8u60=
github.com/aws/aws-sdk-go-v2/service/ssm v1.56.2/go.mod h1:RKWoqC9FlgMCkrfVOtgfqfwdaUIaq8H93UAt4xNaR0A=
github.com/aws/aws-sdk-go-v2/service/sso v1.24.8 h1:CvuUmnXI7ebaUAhbJcDy9YQx8wHR69eZ9I7q5hszt/g=
github.com/aws/aws-sdk-go-v2/service/sso v1.24.8/go.mod h1:XDeGv1opzwm8ubxddF0cgqkZWsyOtw4lr6dxwmb6YQg=
github.com/aws/aws-sdk-go-v2/service/ssooidc v1.28.7 h1:F2rBfNAL5UyswqoeWv9zs74N/NanhK16ydHW1pahX6E=
github.com/aws/aws-sdk-go-v2/service/ssooidc v1.28.7/go.mod h1:JfyQ0g2JG8+Krq0EuZNnRwX0mU0HrwY/tG6JNfcqh4k=
github.com/aws/aws-sdk-go-v2/service/sts v1.33.3 h1:Xgv/hyNgvLda/M9l9qxXc4UFSgppnRczLxlMs5Ae/QY=
github.com/aws/aws-sdk-go-v2/service/sts v1.33.3/go.mod h1:5Gn+d+VaaRgsjewpMvGazt0WfcFO+Md4wLOuBfGR9Bc=
github.com/aws/smithy-go v1.22.1 h1:/HPHZQ0g7f4eUeK6HKglFz8uwVfZKgoI25rb/J+dnro=
github.com/aws/smithy-go v1.22.1/go.mod h1:irrKGvNn1InZwb2d7fkIRNucdfwR8R+Ts3wxYa/cJHg=
github.com/bgentry/go-netrc v0.0.0-20140422174119-9fd32a8b3d3d h1:xDfNPAt8lFiC1UJrqV3uuy861HCTo708pDMbjHHdCas=
github.com/bgentry/go-netrc v0.0.0-20140422174119-9fd32a8b3d3d/go.mod h1:6QX/PXZ00z/TKoufEY6K/a0k6AhaJrQKdFe6OfVXsa4=
github.com/boombuler/barcode v1.0.1-0.20190219062509-6c824513bacc/go.mod h1:paBWMcWSl3LHKBqUq+rly7CNSldXjb2rDl3JlRe0mD8=
github.com/boombuler/barcode v1.0.2 h1:79yrbttoZrLGkL/oOI8hBrUKucwOL0oOjUgEguGMcJ4=
github.com/boombuler/barcode v1.0.2/go.mod h1:paBWMcWSl3LHKBqUq+rly7CNSldXjb2rDl3JlRe0mD8=
github.com/cpuguy83/go-md2man/v2 v2.0.6 h1:XJtiaUW6dEEqVuZiMTn1ldk455QWwEIsMIJlo5vtkx0=
github.com/cpuguy83/go-md2man/v2 v2.0.6/go.mod h1:oOW0eioCTA6cOiMLiUPZOpcVxMig6NIQQ7OS05n1F4g=
github.com/creack/pty v1.1.9/go.mod h1:oKZEueFk5CKHvIhNR5MUki03XCEU+Q6VDXinZuGJ33E=
github.com/davecgh/go-spew v1.1.0/go.mod h1:J7Y8YcW2NihsgmVo/mv3lAwl/skON4iLHjSsI+c5H38=
github.com/davecgh/go-spew v1.1.1 h1:vj9j/u1bqnvCEfJOwUhtlOARqs3+rkHYY13jYWTU97c=
github.com/davecgh/go-spew v1.1.1/go.mod h1:J7Y8YcW2NihsgmVo/mv3lAwl/skON4iLHjSsI+c5H38=
github.com/go-errors/errors v1.5.1 h1:ZwEMSLRCapFLflTpT7NKaAc7ukJ8ZPEjzlxt8rPN8bk=
github.com/go-errors/errors v1.5.1/go.mod h1:sIVyrIiJhuEF+Pj9Ebtd6P/rEYROXFi3BopGUQ5a5Og=
github.com/go-sql-driver/mysql v1.8.1 h1:LedoTUt/eveggdHS9qUFC1EFSa8bU2+1pZjSRpvNJ1Y=
github.com/go-sql-driver/mysql v1.8.1/go.mod h1:wEBSXgmK//2ZFJyE+qWnIsVGmvmEKlqwuVSjsCm7DZg=
github.com/go-test/deep v1.0.7 h1:/VSMRlnY/JSyqxQUzQLKVMAskpY/NZKFA5j2P+0pP2M=
github.com/go-test/deep v1.0.7/go.mod h1:QV8Hv/iy04NyLBxAdO9njL0iVPN1S4d/A3NVv1V36o8=
github.com/google/go-cmp v0.6.0 h1:ofyhxvXcZhMsU5ulbFiLKl/XBFqE1GSq7atu8tAmTRI=
github.com/google/go-cmp v0.6.0/go.mod h1:17dUlkBOakJ0+DkrSSNjCkIjxS6bF9zb3elmeNGIjoY=
github.com/google/uuid v1.6.0 h1:NIvaJDMOsjHA8n1jAhLSgzrAzy1Hgr+hNrb57e+94F0=
github.com/google/uuid v1.6.0/go.mod h1:TIyPZe4MgqvfeYDBFedMoGGpEw/LqOeaOT+nhxU+yHo=
github.com/gruntwork-io/go-commons v0.17.2 h1:14dsCJ7M5Vv2X3BIPKeG9Kdy6vTMGhM8L4WZazxfTuY=
github.com/gruntwork-io/go-commons v0.17.2/go.mod h1:zs7Q2AbUKuTarBPy19CIxJVUX/rBamfW8IwuWKniWkE=
github.com/gruntwork-io/terratest v0.48.1 h1:pnydDjkWbZCUYXvQkr24y21fBo8PfJC5hRGdwbl1eXM=
github.com/gruntwork-io/terratest v0.48.1/go.mod h1:U2EQW4Odlz75XJUH16Kqkr9c93p+ZZtkpVez7GkZFa4=
github.com/hashicorp/errwrap v1.0.0/go.mod h1:YH+1FKiLXxHSkmPseP+kNlulaMuP3n2brvKWEqk/Jc4=
github.com/hashicorp/errwrap v1.1.0 h1:OxrOeh75EUXMY8TBjag2fzXGZ40LB6IKw45YeGUDY2I=
github.com/hashicorp/errwrap v1.1.0/go.mod h1:YH+1FKiLXxHSkmPseP+kNlulaMuP3n2brvKWEqk/Jc4=
github.com/hashicorp/go-cleanhttp v0.5.2 h1:035FKYIWjmULyFRBKPs8TBQoi0x6d9G4xc9neXJWAZQ=
github.com/hashicorp/go-cleanhttp v0.5.2/go.mod h1:kO/YDlP8L1346E6Sodw+PrpBSV4/SoxCXGY6BqNFT48=
github.com/hashicorp/go-getter/v2 v2.2.3 h1:6CVzhT0KJQHqd9b0pK3xSP0CM/Cv+bVhk+jcaRJ2pGk=
github.com/hashicorp/go-getter/v2 v2.2.3/go.mod h1:hp5Yy0GMQvwWVUmwLs3ygivz1JSLI323hdIE9J9m7TY=
github.com/hashicorp/go-multierror v1.1.1 h1:H5DkEtf6CXdFp0N0Em5UCwQpXMWke8IA0+lD48awMYo=
github.com/hashicorp/go-multierror v1.1.1/go.mod h1:iw975J/qwKPdAO1clOe2L8331t/9/fmwbPZ6JB6eMoM=
github.com/hashicorp/go-safetemp v1.0.0 h1:2HR189eFNrjHQyENnQMMpCiBAsRxzbTMIgBhEyExpmo=
github.com/hashicorp/go-safetemp v1.0.0/go.mod h1:oaerMy3BhqiTbVye6QuFhFtIceqFoDHxNAB65b+Rj1I=
github.com/hashicorp/go-version v1.7.0 h1:5tqGy27NaOTB8yJKUZELlFAS/LTKJkrmONwQKeRZfjY=
github.com/hashicorp/go-version v1.7.0/go.mod h1:fltr4n8CU8Ke44wwGCBoEymUuxUHl09ZGVZPK5anwXA=
github.com/hashicorp/hcl/v2 v2.23.0 h1:Fphj1/gCylPxHutVSEOf2fBOh1VE4AuLV7+kbJf3qos=
github.com/hashicorp/hcl/v2 v2.23.0/go.mod h1:62ZYHrXgPoX8xBnzl8QzbWq4dyDsDtfCRgIq1rbJEvA=
github.com/hashicorp/terraform-json v0.24.0 h1:rUiyF+x1kYawXeRth6fKFm/MdfBS6+lW4NbeATsYz8Q=
github.com/hashicorp/terraform-json v0.24.0/go.mod h1:Nfj5ubo9xbu9uiAoZVBsNOjvNKB66Oyrvtit74kC7ow=
github.com/jackc/pgpassfile v1.0.0 h1:/6Hmqy13Ss2zCq62VdNG8tM1wchn8zjSGOBJ6icpsIM=
github.com/jackc/pgpassfile v1.0.0/go.mod h1:CEx0iS5ambNFdcRtxPj5JhEz+xB6uRky5eyVu/W2HEg=
github.com/jackc/pgservicefile v0.0.0-20240606120523-5a60cdf6a761 h1:iCEnooe7UlwOQYpKFhBabPMi4aNAfoODPEFNiAnClxo=
github.com/jackc/pgservicefile v0.0.0-20240606120523-5a60cdf6a761/go.mod h1:5TJZWKEWniPve33vlWYSoGYefn3gLQRzjfDlhSJ9ZKM=
github.com/jackc/pgx/v5 v5.7.2 h1:mLoDLV6sonKlvjIEsV56SkWNCnuNv531l94GaIzO+XI=
github.com/jackc/pgx/v5 v5.7.2/go.mod h1:ncY89UGWxg82EykZUwSpUKEfccBGGYq1xjrOpsbsfGQ=
github.com/jackc/puddle/v2 v2.2.2 h1:PR8nw+E/1w0GLuRFSmiioY6UooMp6KJv0/61nB7icHo=
github.com/jackc/puddle/v2 v2.2.2/go.mod h1:vriiEXHvEE654aYKXXjOvZM39qJ0q+azkZFrfEOc3H4=
github.com/jinzhu/copier v0.4.0 h1:w3ciUoD19shMCRargcpm0cm91ytaBhDvuRpz1ODO/U8=
github.com/jinzhu/copier v0.4.0/go.mod h1:DfbEm0FYsaqBcKcFuvmOZb218JkPGtvSHsKg8S8hyyg=
github.com/jmespath/go-jmespath v0.4.0 h1:BEgLn5cpjn8UN1mAw4NjwDrS35OdebyEtFe+9YPoQUg=
github.com/jmespath/go-jmespath v0.4.0/go.mod h1:T8mJZnbsbmF+m6zOOFylbeCJqk5+pHWvzYPziyZiYoo=
github.com/jmespath/go-jmespath/internal/testify v1.5.1 h1:shLQSRRSCCPj3f2gpwzGwWFoC7ycTf1rcQZHOlsJ6N8=
github.com/jmespath/go-jmespath/internal/testify v1.5.1/go.mod h1:L3OGu8Wl2/fWfCI6z80xFu9LTZmf1ZRjMHUOPmWr69U=
github.com/klauspost/compress v1.17.11 h1:In6xLpyWOi1+C7tXUUWv2ot1QvBjxevKAaI6IXrJmUc=
github.com/klauspost/compress v1.17.11/go.mod h1:pMDklpSncoRMuLFrf1W9Ss9KT+0rH90U12bZKk7uwG0=
github.com/kr/pretty v0.3.0 h1:WgNl7dwNpEZ6jJ9k1snq4pZsg7DOEN8hP9Xw0Tsjwk0=
github.com/kr/pretty v0.3.0/go.mod h1:640gp4NfQd8pI5XOwp5fnNeVWj67G7CFk/SaSQn7NBk=
github.com/kr/text v0.2.0 h1:5Nx0Ya0ZqY2ygV366QzturHI13Jq95ApcVaJBhpS+AY=
github.com/kr/text v0.2.0/go.mod h1:eLer722TekiGuMkidMxC/pM04lWEeraHUUmBw8l2grE=
github.com/mattn/go-zglob v0.0.6 h1:mP8RnmCgho4oaUYDIDn6GNxYk+qJGUs8fJLn+twYj2A=
github.com/mattn/go-zglob v0.0.6/go.mod h1:MxxjyoXXnMxfIpxTK2GAkw1w8glPsQILx3N5wrKakiY=
github.com/mitchellh/go-homedir v1.1.0 h1:lukF9ziXFxDFPkA1vsr5zpc1XuPDn/wFntq5mG+4E0Y=
github.com/mitchellh/go-homedir v1.1.0/go.mod h1:SfyaCUpYCn1Vlf4IUYiD9fPX4A5wJrkLzIz1N1q0pr0=
github.com/mitchellh/go-testing-interface v1.14.1 h1:jrgshOhYAUVNMAJiKbEu7EqAwgJJ2JqpQmpLJOu07cU=
github.com/mitchellh/go-testing-interface v1.14.1/go.mod h1:gfgS7OtZj6MA4U1UrDRp04twqAjfvlZyCfX3sDjEym8=
github.com/mitchellh/go-wordwrap v1.0.1 h1:TLuKupo69TCn6TQSyGxwI1EblZZEsQ0vMlAFQflz0v0=
github.com/mitchellh/go-wordwrap v1.0.1/go.mod h1:R62XHJLzvMFRBbcrT7m7WgmE1eOyTSsCt+hzestvNj0=
github.com/pmezard/go-difflib v1.0.0 h1:4DBwDE0NGyQoBHbLQYPwSUPoCMWR5BEzIk/f1lZbAQM=
github.com/pmezard/go-difflib v1.0.0/go.mod h1:iKH77koFhYxTK1pcRnkKkqfTogsbg7gZNVY4sRDYZ/4=
github.com/pquerna/otp v1.4.0 h1:wZvl1TIVxKRThZIBiwOOHOGP/1+nZyWBil9Y2XNEDzg=
github.com/pquerna/otp v1.4.0/go.mod h1:dkJfzwRKNiegxyNb54X/3fLwhCynbMspSyWKnvi1AEg=
github.com/rogpeppe/go-internal v1.13.1 h1:KvO1DLK/DRN07sQ1LQKScxyZJuNnedQ5/wKSR38lUII=
github.com/rogpeppe/go-internal v1.13.1/go.mod h1:uMEvuHeurkdAXX61udpOXGD/AzZDWNMNyH2VO9fmH0o=
github.com/russross/blackfriday/v2 v2.1.0 h1:JIOH55/0cWyOuilr9/qlrm0BSXldqnqwMsf35Ld67mk=
github.com/russross/blackfriday/v2 v2.1.0/go.mod h1:+Rmxgy9KzJVeS9/2gXHxylqXiyQDYRxCVz55jmeOWTM=
github.com/stretchr/objx v0.1.0/go.mod h1:HFkY916IF+rwdDfMAkV7OtwuqBVzrE8GR6GFx+wExME=
github.com/stretchr/testify v1.3.0/go.mod h1:M5WIy9Dh21IEIfnGCwXGc5bZfKNJtfHm1UVUgZn+9EI=
github.com/stretchr/testify v1.7.0/go.mod h1:6Fq8oRcR53rry900zMqJjRRixrwX3KX962/h/Wwjteg=
github.com/stretchr/testify v1.10.0 h1:Xv5erBjTwe/5IxqUQTdXv5kgmIvbHo3QQyRwhJsOfJA=
github.com/stretchr/testify v1.10.0/go.mod h1:r2ic/lqez/lEtzL7wO/rwa5dbSLXVDPFyf8C91i36aY=
github.com/tmccombs/hcl2json v0.6.5 h1:SieU9/Xdsx0kRRtZcms+5CjXaWsl7LKnuSmtKGFGjx4=
github.com/tmccombs/hcl2json v0.6.5/go.mod h1:ANXQ1E2omHPISSL1R5iRuL2HoYtrKKefPzTI7XUD+IQ=
github.com/ulikunitz/xz v0.5.12 h1:37Nm15o69RwBkXM0J6A5OlE67RZTfzUxTj8fB3dfcsc=
github.com/ulikunitz/xz v0.5.12/go.mod h1:nbz6k7qbPmH4IRqmfOplQw/tblSgqTqBwxkY0oWt/14=
github.com/urfave/cli/v2 v2.27.5 h1:WoHEJLdsXr6dDWoJgMq/CboDmyY/8HMMH1fTECbih+w=
github.com/urfave/cli/v2 v2.27.5/go.mod h1:3Sevf16NykTbInEnD0yKkjDAeZDS0A6bzhBH5hrMvTQ=
github.com/xrash/smetrics v0.0.0-20240521201337-686a1a2994c1 h1:gEOO8jv9F4OT7lGCjxCBTO/36wtF6j2nSip77qHd4x4=
github.com/xrash/smetrics v0.0.0-20240521201337-686a1a2994c1/go.mod h1:Ohn+xnUBiLI6FVj/9LpzZWtj1/D6lUovWYBkxHVV3aM=
github.com/zclconf/go-cty v1.16.0 h1:xPKEhst+BW5D0wxebMZkxgapvOE/dw7bFTlgSc9nD6w=
github.com/zclconf/go-cty v1.16.0/go.mod h1:VvMs5i0vgZdhYawQNq5kePSpLAoz8u1xvZgrPIxfnZE=
github.com/zclconf/go-cty-debug v0.0.0-20240509010212-0d6042c53940 h1:4r45xpDWB6ZMSMNJFMOjqrGHynW3DIBuR2H9j0ug+Mo=
github.com/zclconf/go-cty-debug v0.0.0-20240509010212-0d6042c53940/go.mod h1:CmBdvvj3nqzfzJ6nTCIwDTPZ56aVGvDrmztiO5g3qrM=
golang.org/x/crypto v0.32.0 h1:euUpcYgM8WcP71gNpTqQCn6rC2t6ULUPiOzfWaXVVfc=
golang.org/x/crypto v0.32.0/go.mod h1:ZnnJkOaASj8g0AjIduWNlq2NRxL0PlBrbKVyZ6V/Ugc=
golang.org/x/mod v0.22.0 h1:D4nJWe9zXqHOmWqj4VMOJhvzj7bEZg4wEYa759z1pH4=
golang.org/x/mod v0.22.0/go.mod h1:6SkKJ3Xj0I0BrPOZoBy3bdMptDDU9oJrpohJ3eWZ1fY=
golang.org/x/net v0.34.0 h1:Mb7Mrk043xzHgnRM88suvJFwzVrRfHEHJEl5/71CKw0=
golang.org/x/net v0.34.0/go.mod h1:di0qlW3YNM5oh6GqDGQr92MyTozJPmybPK4Ev/Gm31k=
golang.org/x/sync v0.10.0 h1:3NQrjDixjgGwUOCaF8w2+VYHv0Ve/vGYSbdkTa98gmQ=
golang.org/x/sync v0.10.0/go.mod h1:Czt+wKu1gCyEFDUtn0jG5QVvpJ6rzVqr5aXyt9drQfk=
golang.org/x/sys v0.29.0 h1:TPYlXGxvx1MGTn2GiZDhnjPA9wZzZeGKHHmKhHYvgaU=
golang.org/x/sys v0.29.0/go.mod h1:/VUhepiaJMQUp4+oa/7Zr1D23ma6VTLIYjOOTFZPUcA=
golang.org/x/term v0.28.0 h1:/Ts8HFuMR2E6IP/jlo7QVLZHggjKQbhu/7H0LJFr3Gg=
golang.org/x/term v0.28.0/go.mod h1:Sw/lC2IAUZ92udQNf3WodGtn4k/XoLyZoh8v/8uiwek=
golang.org/x/text v0.21.0 h1:zyQAAkrwaneQ066sspRyJaG9VNi/YJ1NfzcGB3hZ/qo=
golang.org/x/text v0.21.0/go.mod h1:4IBbMaMmOPCJ8SecivzSH54+73PCFmPWxNTLm+vZkEQ=
golang.org/x/tools v0.29.0 h1:Xx0h3TtM9rzQpQuR4dKLrdglAmCEN5Oi+P74JdhdzXE=
golang.org/x/tools v0.29.0/go.mod h1:KMQVMRsVxU6nHCFXrBPhDB8XncLNLM0lIy/F14RP588=
gopkg.in/check.v1 v0.0.0-20161208181325-20d25e280405/go.mod h1:Co6ibVJAznAaIkqp8huTwlJQCZ016jof/cbN4VW5Yz0=
gopkg.in/check.v1 v1.0.0-20201130134442-10cb98267c6c h1:Hei/4ADfdWqJk1ZMxUNpqntNwaWcugrBjAiHlqqRiVk=
gopkg.in/check.v1 v1.0.0-20201130134442-10cb98267c6c/go.mod h1:JHkPIbrfpd72SG/EVd6muEfDQjcINNoR0C8j2r3qZ4Q=
gopkg.in/yaml.v2 v2.2.8/go.mod h1:hI93XBmqTisBFMUTm0b8Fm+jr3Dg1NNxqwp+5A1VGuI=
gopkg.in/yaml.v2 v2.4.0 h1:D8xgwECY7CYvx+Y2n4sBz93Jn9JRvxdiyyo8CTfuKaY=
gopkg.in/yaml.v2 v2.4.0/go.mod h1:RDklbk79AGWmwhnvt/jBztapEOGDOx6ZbXqjP6csGnQ=
gopkg.in/yaml.v3 v3.0.0-20200313102051-9f266ea9e77c/go.mod h1:K4uyk7z7BCEPqu6E+C64Yfv1cQ7kz7rIZviUmN+EgEM=
gopkg.in/yaml.v3 v3.0.1 h1:fxVm/GzAzEWqLHuvctI91KS9hhNmmWOoWu0XTYJS7CA=
gopkg.in/yaml.v3 v3.0.1/go.mod h1:K4uyk7z7BCEPqu6E+C64Yfv1cQ7kz7rIZviUmN+EgEM=
